
Microsoft Visual Studio Solution File, Format Version 12.00
# Visual Studio 15
VisualStudioVersion = 15.0.27130.2020
MinimumVisualStudioVersion = 10.0.40219.1
Project("{FAE04EC0-301F-11D3-BF4B-00C04F79EFBC}") = "SignalrDashboardLibrary", "SignalrDashboardLibrary.csproj", "{C0AFDF90-945B-4378-976B-3319286857B8}"
EndProject
Global
	GlobalSection(SolutionConfigurationPlatforms) = preSolution
		Debug|Any CPU = Debug|Any CPU
		Release|Any CPU = Release|Any CPU
	EndGlobalSection
	GlobalSection(ProjectConfigurationPlatforms) = postSolution
		{C0AFDF90-945B-4378-976B-3319286857B8}.Debug|Any CPU.ActiveCfg = Debug|Any CPU
		{C0AFDF90-945B-4378-976B-3319286857B8}.Debug|Any CPU.Build.0 = Debug|Any CPU
		{C0AFDF90-945B-4378-976B-3319286857B8}.Release|Any CPU.ActiveCfg = Release|Any CPU
		{C0AFDF90-945B-4378-976B-3319286857B8}.Release|Any CPU.Build.0 = Release|Any CPU
	EndGlobalSection
	GlobalSection(SolutionProperties) = preSolution
		HideSolutionNode = FALSE
	EndGlobalSection
	GlobalSection(ExtensibilityGlobals) = postSolution
		SolutionGuid = {226D77BE-D947-46A1-B71B-0526D5FA01EE}
	EndGlobalSection
EndGlobal
